
Microsoft Visual Studio Solution File, Format Version 11.00
# Visual Studio 2010
Project("{FAE04EC0-301F-11D3-BF4B-00C04F79EFBC}") = "BlogServer.Main", "BlogServer.Main\BlogServer.Main.csproj", "{F5CF143F-1CB6-4FF7-92BF-894227048830}"
EndProject
Project("{FAE04EC0-301F-11D3-BF4B-00C04F79EFBC}") = "BlogServer.Common", "BlogServer.Common\BlogServer.Common.csproj", "{752AB79D-C521-4A9F-BF63-6EDFBC39DC90}"
EndProject
Project("{FAE04EC0-301F-11D3-BF4B-00C04F79EFBC}") = "BlogServer.DataAccess", "BlogServer.DataAccess\BlogServer.DataAccess.csproj", "{680C6EE0-6EC3-45A9-A01C-704215798C91}"
EndProject
Project("{FAE04EC0-301F-11D3-BF4B-00C04F79EFBC}") = "BlogServer.Test", "BlogServer.Test\BlogServer.Test.csproj", "{491DA03C-2DFC-4F14-A5F5-205589F7C184}"
EndProject
Project("{FAE04EC0-301F-11D3-BF4B-00C04F79EFBC}") = "BlogServer.Service", "BlogServer.Service\BlogServer.Service.csproj", "{FDF073F1-C500-4F2B-96AC-A3FEC8E798E8}"
EndProject
Global
	GlobalSection(SolutionConfigurationPlatforms) = preSolution
		Debug|x86 = Debug|x86
		Release|x86 = Release|x86
	EndGlobalSection
	GlobalSection(ProjectConfigurationPlatforms) = postSolution
		{491DA03C-2DFC-4F14-A5F5-205589F7C184}.Debug|x86.ActiveCfg = Debug|x86
		{491DA03C-2DFC-4F14-A5F5-205589F7C184}.Debug|x86.Build.0 = Debug|x86
		{491DA03C-2DFC-4F14-A5F5-205589F7C184}.Release|x86.ActiveCfg = Release|x86
		{491DA03C-2DFC-4F14-A5F5-205589F7C184}.Release|x86.Build.0 = Release|x86
		{680C6EE0-6EC3-45A9-A01C-704215798C91}.Debug|x86.ActiveCfg = Debug|Any CPU
		{680C6EE0-6EC3-45A9-A01C-704215798C91}.Debug|x86.Build.0 = Debug|Any CPU
		{680C6EE0-6EC3-45A9-A01C-704215798C91}.Release|x86.ActiveCfg = Release|Any CPU
		{680C6EE0-6EC3-45A9-A01C-704215798C91}.Release|x86.Build.0 = Release|Any CPU
		{752AB79D-C521-4A9F-BF63-6EDFBC39DC90}.Debug|x86.ActiveCfg = Debug|Any CPU
		{752AB79D-C521-4A9F-BF63-6EDFBC39DC90}.Debug|x86.Build.0 = Debug|Any CPU
		{752AB79D-C521-4A9F-BF63-6EDFBC39DC90}.Release|x86.ActiveCfg = Release|Any CPU
		{752AB79D-C521-4A9F-BF63-6EDFBC39DC90}.Release|x86.Build.0 = Release|Any CPU
		{F5CF143F-1CB6-4FF7-92BF-894227048830}.Debug|x86.ActiveCfg = Debug|x86
		{F5CF143F-1CB6-4FF7-92BF-894227048830}.Debug|x86.Build.0 = Debug|x86
		{F5CF143F-1CB6-4FF7-92BF-894227048830}.Release|x86.ActiveCfg = Release|x86
		{F5CF143F-1CB6-4FF7-92BF-894227048830}.Release|x86.Build.0 = Release|x86
		{FDF073F1-C500-4F2B-96AC-A3FEC8E798E8}.Debug|x86.ActiveCfg = Debug|Any CPU
		{FDF073F1-C500-4F2B-96AC-A3FEC8E798E8}.Debug|x86.Build.0 = Debug|Any CPU
		{FDF073F1-C500-4F2B-96AC-A3FEC8E798E8}.Release|x86.ActiveCfg = Release|Any CPU
		{FDF073F1-C500-4F2B-96AC-A3FEC8E798E8}.Release|x86.Build.0 = Release|Any CPU
	EndGlobalSection
	GlobalSection(MonoDevelopProperties) = preSolution
		StartupItem = BlogServer.Test\BlogServer.Test.csproj
	EndGlobalSection
EndGlobal
